
Microsoft Visual Studio Solution File, Format Version 12.00
# Visual Studio Version 17
VisualStudioVersion = 17.9.34607.119
MinimumVisualStudioVersion = 10.0.40219.1
Project("{FAE04EC0-301F-11D3-BF4B-00C04F79EFBC}") = "Mission_08_1-14", "Mission_08_1-14\Mission_08_1-14.csproj", "{CBDCDFB4-7DBF-4D79-9377-C0645D9AB458}"
EndProject
Global
	GlobalSection(SolutionConfigurationPlatforms) = preSolution
		Debug|Any CPU = Debug|Any CPU
		Release|Any CPU = Release|Any CPU
	EndGlobalSection
	GlobalSection(ProjectConfigurationPlatforms) = postSolution
		{CBDCDFB4-7DBF-4D79-9377-C0645D9AB458}.Debug|Any CPU.ActiveCfg = Debug|Any CPU
		{CBDCDFB4-7DBF-4D79-9377-C0645D9AB458}.Debug|Any CPU.Build.0 = Debug|Any CPU
		{CBDCDFB4-7DBF-4D79-9377-C0645D9AB458}.Release|Any CPU.ActiveCfg = Release|Any CPU
		{CBDCDFB4-7DBF-4D79-9377-C0645D9AB458}.Release|Any CPU.Build.0 = Release|Any CPU
	EndGlobalSection
	GlobalSection(SolutionProperties) = preSolution
		HideSolutionNode = FALSE
	EndGlobalSection
	GlobalSection(ExtensibilityGlobals) = postSolution
		SolutionGuid = {8B6322C3-2262-4EBA-B98D-AE3A9F95E9E0}
	EndGlobalSection
EndGlobal
